# This file is automatically @generated by Cargo.
# It is not intended for manual editing.
version = 4

[[package]]
name = "auto-term-setup"
version = "0.1.0"
dependencies = [
 "cmd-exists",
]

[[package]]
name = "cmd-exists"
version = "0.1.2"
source = "registry+https://github.com/rust-lang/crates.io-index"
checksum = "023c523050bdbe68ab3814ae3d78f343e71710bb4d1e08df25bc2eda7d58dd3d"
